
Microsoft Visual Studio Solution File, Format Version 12.00
# Visual Studio Version 18
VisualStudioVersion = 18.8.12023.21 stable
MinimumVisualStudioVersion = 10.0.40219.1
Project("{FAE04EC0-301F-11D3-BF4B-00C04F79EFBC}") = "BaiThucHanhBuoi1", "BaiThuocHanhBuoi1\BaiThucHanhBuoi1.csproj", "{D96744DA-AE0F-48C5-9BC4-3A562CA0A778}"
EndProject
Project("{FAE04EC0-301F-11D3-BF4B-00C04F79EFBC}") = "Bai2", "Bai2\Bai2.csproj", "{16DF84D1-E547-4706-A42E-E1DDC23B5E2A}"
EndProject
Project("{FAE04EC0-301F-11D3-BF4B-00C04F79EFBC}") = "BaiTapThietKeForm", "BaiTapThietKeForm\BaiTapThietKeForm.csproj", "{46BB93B3-89FD-483D-9CD5-88E688AEF1EF}"
EndProject
Project("{FAE04EC0-301F-11D3-BF4B-00C04F79EFBC}") = "BaiTapWindowsForm", "BaiTapWindowsForm\BaiTapWindowsForm.csproj", "{86C08580-7118-4BD3-A550-5D7F2BF72AD2}"
EndProject
Project("{FAE04EC0-301F-11D3-BF4B-00C04F79EFBC}") = "BaiTapWindowsForm2", "BaiTapWindowsForm2\BaiTapWindowsForm2.csproj", "{8E360091-B770-4011-9958-75B0ABBCEE93}"
EndProject
Global
	GlobalSection(SolutionConfigurationPlatforms) = preSolution
		Debug|Any CPU = Debug|Any CPU
		Release|Any CPU = Release|Any CPU
	EndGlobalSection
	GlobalSection(ProjectConfigurationPlatforms) = postSolution
		{D96744DA-AE0F-48C5-9BC4-3A562CA0A778}.Debug|Any CPU.ActiveCfg = Debug|Any CPU
		{D96744DA-AE0F-48C5-9BC4-3A562CA0A778}.Debug|Any CPU.Build.0 = Debug|Any CPU
		{D96744DA-AE0F-48C5-9BC4-3A562CA0A778}.Release|Any CPU.ActiveCfg = Release|Any CPU
		{D96744DA-AE0F-48C5-9BC4-3A562CA0A778}.Release|Any CPU.Build.0 = Release|Any CPU
		{16DF84D1-E547-4706-A42E-E1DDC23B5E2A}.Debug|Any CPU.ActiveCfg = Debug|Any CPU
		{16DF84D1-E547-4706-A42E-E1DDC23B5E2A}.Debug|Any CPU.Build.0 = Debug|Any CPU
		{16DF84D1-E547-4706-A42E-E1DDC23B5E2A}.Release|Any CPU.ActiveCfg = Release|Any CPU
		{16DF84D1-E547-4706-A42E-E1DDC23B5E2A}.Release|Any CPU.Build.0 = Release|Any CPU
		{46BB93B3-89FD-483D-9CD5-88E688AEF1EF}.Debug|Any CPU.ActiveCfg = Debug|Any CPU
		{46BB93B3-89FD-483D-9CD5-88E688AEF1EF}.Debug|Any CPU.Build.0 = Debug|Any CPU
		{46BB93B3-89FD-483D-9CD5-88E688AEF1EF}.Release|Any CPU.ActiveCfg = Release|Any CPU
		{46BB93B3-89FD-483D-9CD5-88E688AEF1EF}.Release|Any CPU.Build.0 = Release|Any CPU
		{86C08580-7118-4BD3-A550-5D7F2BF72AD2}.Debug|Any CPU.ActiveCfg = Debug|Any CPU
		{86C08580-7118-4BD3-A550-5D7F2BF72AD2}.Debug|Any CPU.Build.0 = Debug|Any CPU
		{86C08580-7118-4BD3-A550-5D7F2BF72AD2}.Release|Any CPU.ActiveCfg = Release|Any CPU
		{86C08580-7118-4BD3-A550-5D7F2BF72AD2}.Release|Any CPU.Build.0 = Release|Any CPU
		{8E360091-B770-4011-9958-75B0ABBCEE93}.Debug|Any CPU.ActiveCfg = Debug|Any CPU
		{8E360091-B770-4011-9958-75B0ABBCEE93}.Debug|Any CPU.Build.0 = Debug|Any CPU
		{8E360091-B770-4011-9958-75B0ABBCEE93}.Release|Any CPU.ActiveCfg = Release|Any CPU
		{8E360091-B770-4011-9958-75B0ABBCEE93}.Release|Any CPU.Build.0 = Release|Any CPU
	EndGlobalSection
	GlobalSection(SolutionProperties) = preSolution
		HideSolutionNode = FALSE
	EndGlobalSection
	GlobalSection(ExtensibilityGlobals) = postSolution
		SolutionGuid = {068E5AFC-BD1C-424B-91D0-BCC7B659F3AE}
	EndGlobalSection
EndGlobal
